
Microsoft Visual Studio Solution File, Format Version 12.00
# Visual Studio Version 16
VisualStudioVersion = 16.0.31624.102
MinimumVisualStudioVersion = 10.0.40219.1
Project("{FAE04EC0-301F-11D3-BF4B-00C04F79EFBC}") = "TicTacToeCaptcha", "TicTacToeCaptcha\TicTacToeCaptcha.csproj", "{40459F76-D59B-4B1E-A38C-7D031720A335}"
EndProject
Global
	GlobalSection(SolutionConfigurationPlatforms) = preSolution
		Debug|Any CPU = Debug|Any CPU
		Release|Any CPU = Release|Any CPU
	EndGlobalSection
	GlobalSection(ProjectConfigurationPlatforms) = postSolution
		{40459F76-D59B-4B1E-A38C-7D031720A335}.Debug|Any CPU.ActiveCfg = Debug|Any CPU
		{40459F76-D59B-4B1E-A38C-7D031720A335}.Debug|Any CPU.Build.0 = Debug|Any CPU
		{40459F76-D59B-4B1E-A38C-7D031720A335}.Release|Any CPU.ActiveCfg = Release|Any CPU
		{40459F76-D59B-4B1E-A38C-7D031720A335}.Release|Any CPU.Build.0 = Release|Any CPU
	EndGlobalSection
	GlobalSection(SolutionProperties) = preSolution
		HideSolutionNode = FALSE
	EndGlobalSection
	GlobalSection(ExtensibilityGlobals) = postSolution
		SolutionGuid = {69B397A6-BAED-43BF-AD49-5049C232D1C1}
	EndGlobalSection
EndGlobal
